// !$*UTF8*$!
{
	archiveVersion = 1;
	classes = {
	};
	objectVersion = 50;
	objects = {

/* Begin PBXBuildFile section */
		39ABB86C2524AB7100E9968B /* AppDelegate.swift in Sources */ = {isa = PBXBuildFile; fileRef = 39ABB86B2524AB7100E9968B /* AppDelegate.swift */; };
		39ABB86E2524AB7100E9968B /* SceneDelegate.swift in Sources */ = {isa = PBXBuildFile; fileRef = 39ABB86D2524AB7100E9968B /* SceneDelegate.swift */; };
		39ABB8702524AB7100E9968B /* ViewController.swift in Sources */ = {isa = PBXBuildFile; fileRef = 39ABB86F2524AB7100E9968B /* ViewController.swift */; };
		39ABB8732524AB7100E9968B /* Main.storyboard in Resources */ = {isa = PBXBuildFile; fileRef = 39ABB8712524AB7100E9968B /* Main.storyboard */; };
		39ABB8752524AB7B00E9968B /* Assets.xcassets in Resources */ = {isa = PBXBuildFile; fileRef = 39ABB8742524AB7B00E9968B /* Assets.xcassets */; };
		39ABB8782524AB7B00E9968B /* LaunchScreen.storyboard in Resources */ = {isa = PBXBuildFile; fileRef = 39ABB8762524AB7B00E9968B /* LaunchScreen.storyboard */; };
/* End PBXBuildFile section */

/* Begin PBXFileReference section */
		39ABB8682524AB7100E9968B /* MyMemo.app */ = {isa = PBXFileReference; explicitFileType = wrapper.application; includeInIndex = 0; path = MyMemo.app; sourceTree = BUILT_PRODUCTS_DIR; };
		39ABB86B2524AB7100E9968B /* AppDelegate.swift */ = {isa = PBXFileReference; lastKnownFileType = sourcecode.swift; path = AppDelegate.swift; sourceTree = "<group>"; };
		39ABB86D2524AB7100E9968B /* SceneDelegate.swift */ = {isa = PBXFileReference; lastKnownFileType = sourcecode.swift; path = SceneDelegate.swift; sourceTree = "<group>"; };
		39ABB86F2524AB7100E9968B /* ViewController.swift */ = {isa = PBXFileReference; lastKnownFileType = sourcecode.swift; path = ViewController.swift; sourceTree = "<group>"; };
		39ABB8722524AB7100E9968B /* Base */ = {isa = PBXFileReference; lastKnownFileType = file.storyboard; name = Base; path = Base.lproj/Main.storyboard; sourceTree = "<group>"; };
		39ABB8742524AB7B00E9968B /* Assets.xcassets */ = {isa = PBXFileReference; lastKnownFileType = folder.assetcatalog; path = Assets.xcassets; sourceTree = "<group>"; };
		39ABB8772524AB7B00E9968B /* Base */ = {isa = PBXFileReference; lastKnownFileType = file.storyboard; name = Base; path = Base.lproj/LaunchScreen.storyboard; sourceTree = "<group>"; };
		39ABB8792524AB7B00E9968B /* Info.plist */ = {isa = PBXFileReference; lastKnownFileType = text.plist.xml; path = Info.plist; sourceTree = "<group>"; };
/* End PBXFileReference section */

/* Begin PBXFrameworksBuildPhase section */
		39ABB8652524AB7100E9968B /* Frameworks */ = {
			isa = PBXFrameworksBuildPhase;
			buildActionMask = 2147483647;
			files = (
			);
			runOnlyForDeploymentPostprocessing = 0;
		};
/* End PBXFrameworksBuildPhase section */

/* Begin PBXGroup section */
		39ABB85F2524AB7000E9968B = {
			isa = PBXGroup;
			children = (
				39ABB86A2524AB7100E9968B /* MyMemo */,
				39ABB8692524AB7100E9968B /* Products */,
			);
			sourceTree = "<group>";
		};
		39ABB8692524AB7100E9968B /* Products */ = {
			isa = PBXGroup;
			children = (
				39ABB8682524AB7100E9968B /* MyMemo.app */,
			);
			name = Products;
			sourceTree = "<group>";
		};
		39ABB86A2524AB7100E9968B /* MyMemo */ = {
			isa = PBXGroup;
			children = (
				39ABB86B2524AB7100E9968B /* AppDelegate.swift */,
				39ABB86D2524AB7100E9968B /* SceneDelegate.swift */,
				39ABB86F2524AB7100E9968B /* ViewController.swift */,
				39ABB8712524AB7100E9968B /* Main.storyboard */,
				39ABB8742524AB7B00E9968B /* Assets.xcassets */,
				39ABB8762524AB7B00E9968B /* LaunchScreen.storyboard */,
				39ABB8792524AB7B00E9968B /* Info.plist */,
			);
			path = MyMemo;
			sourceTree = "<group>";
		};
/* End PBXGroup section */

/* Begin PBXNativeTarget section */
		39ABB8672524AB7100E9968B /* MyMemo */ = {
			isa = PBXNativeTarget;
			buildConfigurationList = 39ABB87C2524AB7B00E9968B /* Build configuration list for PBXNativeTarget "MyMemo" */;
			buildPhases = (
				39ABB8642524AB7100E9968B /* Sources */,
				39ABB8652524AB7100E9968B /* Frameworks */,
				39ABB8662524AB7100E9968B /* Resources */,
			);
			buildRules = (
			);
			dependencies = (
			);
			name = MyMemo;
			productName = MyMemo;
			productReference = 39ABB8682524AB7100E9968B /* MyMemo.app */;
			productType = "com.apple.product-type.application";
		};
/* End PBXNativeTarget section */

/* Begin PBXProject section */
		39ABB8602524AB7000E9968B /* Project object */ = {
			isa = PBXProject;
			attributes = {
				LastSwiftUpdateCheck = 1160;
				LastUpgradeCheck = 1160;
				ORGANIZATIONNAME = tk;
				TargetAttributes = {
					39ABB8672524AB7100E9968B = {
						CreatedOnToolsVersion = 11.6;
					};
				};
			};
			buildConfigurationList = 39ABB8632524AB7000E9968B /* Build configuration list for PBXProject "MyMemo" */;
			compatibilityVersion = "Xcode 9.3";
			developmentRegion = en;
			hasScannedForEncodings = 0;
			knownRegions = (
				en,
				Base,
			);
			mainGroup = 39ABB85F2524AB7000E9968B;
			productRefGroup = 39ABB8692524AB7100E9968B /* Products */;
			projectDirPath = "";
			projectRoot = "";
			targets = (
				39ABB8672524AB7100E9968B /* MyMemo */,
			);
		};
/* End PBXProject section */

/* Begin PBXResourcesBuildPhase section */
		39ABB8662524AB7100E9968B /* Resources */ = {
			isa = PBXResourcesBuildPhase;
			buildActionMask = 2147483647;
			files = (
				39ABB8782524AB7B00E9968B /* LaunchScreen.storyboard in Resources */,
				39ABB8752524AB7B00E9968B /* Assets.xcassets in Resources */,
				39ABB8732524AB7100E9968B /* Main.storyboard in Resources */,
			);
			runOnlyForDeploymentPostprocessing = 0;
		};
/* End PBXResourcesBuildPhase section */

/* Begin PBXSourcesBuildPhase section */
		39ABB8642524AB7100E9968B /* Sources */ = {
			isa = PBXSourcesBuildPhase;
			buildActionMask = 2147483647;
			files = (
				39ABB8702524AB7100E9968B /* ViewController.swift in Sources */,
				39ABB86C2524AB7100E9968B /* AppDelegate.swift in Sources */,
				39ABB86E2524AB7100E9968B /* SceneDelegate.swift in Sources */,
			);
			runOnlyForDeploymentPostprocessing = 0;
		};
/* End PBXSourcesBuildPhase section */

/* Begin PBXVariantGroup section */
		39ABB8712524AB7100E9968B /* Main.storyboard */ = {
			isa = PBXVariantGroup;
			children = (
				39ABB8722524AB7100E9968B /* Base */,
			);
			name = Main.storyboard;
			sourceTree = "<group>";
		};
		39ABB8762524AB7B00E9968B /* LaunchScreen.storyboard */ = {
			isa = PBXVariantGroup;
			children = (
				39ABB8772524AB7B00E9968B /* Base */,
			);
			name = LaunchScreen.storyboard;
			sourceTree = "<group>";
		};
/* End PBXVariantGroup section */

/* Begin XCBuildConfiguration section */
		39ABB87A2524AB7B00E9968B /* Debug */ = {
			isa = XCBuildConfiguration;
			buildSettings = {
				ALWAYS_SEARCH_USER_PATHS = NO;
				CLANG_ANALYZER_NONNULL = YES;
				CLANG_ANALYZER_NUMBER_OBJECT_CONVERSION = YES_AGGRESSIVE;
				CLANG_CXX_LANGUAGE_STANDARD = "gnu++14";
				CLANG_CXX_LIBRARY = "libc++";
				CLANG_ENABLE_MODULES = YES;
				CLANG_ENABLE_OBJC_ARC = YES;
				CLANG_ENABLE_OBJC_WEAK = YES;
				CLANG_WARN_BLOCK_CAPTURE_AUTORELEASING = YES;
				CLANG_WARN_BOOL_CONVERSION = YES;
				CLANG_WARN_COMMA = YES;
				CLANG_WARN_CONSTANT_CONVERSION = YES;
				CLANG_WARN_DEPRECATED_OBJC_IMPLEMENTATIONS = YES;
				CLANG_WARN_DIRECT_OBJC_ISA_USAGE = YES_ERROR;
				CLANG_WARN_DOCUMENTATION_COMMENTS = YES;
				CLANG_WARN_EMPTY_BODY = YES;
				CLANG_WARN_ENUM_CONVERSION = YES;
				CLANG_WARN_INFINITE_RECURSION = YES;
				CLANG_WARN_INT_CONVERSION = YES;
				CLANG_WARN_NON_LITERAL_NULL_CONVERSION = YES;
				CLANG_WARN_OBJC_IMPLICIT_RETAIN_SELF = YES;
				CLANG_WARN_OBJC_LITERAL_CONVERSION = YES;
				CLANG_WARN_OBJC_ROOT_CLASS = YES_ERROR;
				CLANG_WARN_RANGE_LOOP_ANALYSIS = YES;
				CLANG_WARN_STRICT_PROTOTYPES = YES;
				CLANG_WARN_SUSPICIOUS_MOVE = YES;
				CLANG_WARN_UNGUARDED_AVAILABILITY = YES_AGGRESSIVE;
				CLANG_WARN_UNREACHABLE_CODE = YES;
				CLANG_WARN__DUPLICATE_METHOD_MATCH = YES;
				COPY_PHASE_STRIP = NO;
				DEBUG_INFORMATION_FORMAT = dwarf;
				ENABLE_STRICT_OBJC_MSGSEND = YES;
				ENABLE_TESTABILITY = YES;
				GCC_C_LANGUAGE_STANDARD = gnu11;
				GCC_DYNAMIC_NO_PIC = NO;
				GCC_NO_COMMON_BLOCKS = YES;
				GCC_OPTIMIZATION_LEVEL = 0;
				GCC_PREPROCESSOR_DEFINITIONS = (
					"DEBUG=1",
					"$(inherited)",
				);
				GCC_WARN_64_TO_32_BIT_CONVERSION = YES;
				GCC_WARN_ABOUT_RETURN_TYPE = YES_ERROR;
				GCC_WARN_UNDECLARED_SELECTOR = YES;
				GCC_WARN_UNINITIALIZED_AUTOS = YES_AGGRESSIVE;
				GCC_WARN_UNUSED_FUNCTION = YES;
				GCC_WARN_UNUSED_VARIABLE = YES;
				IPHONEOS_DEPLOYMENT_TARGET = 13.6;
				MTL_ENABLE_DEBUG_INFO = INCLUDE_SOURCE;
				MTL_FAST_MATH = YES;
				ONLY_ACTIVE_ARCH = YES;
				SDKROOT = iphoneos;
				SWIFT_ACTIVE_COMPILATION_CONDITIONS = DEBUG;
				SWIFT_OPTIMIZATION_LEVEL = "-Onone";
			};
			name = Debug;
		};
		39ABB87B2524AB7B00E9968B /* Release */ = {
			isa = XCBuildConfiguration;
			buildSettings = {
				ALWAYS_SEARCH_USER_PATHS = NO;
				CLANG_ANALYZER_NONNULL = YES;
				CLANG_ANALYZER_NUMBER_OBJECT_CONVERSION = YES_AGGRESSIVE;
				CLANG_CXX_LANGUAGE_STANDARD = "gnu++14";
				CLANG_CXX_LIBRARY = "libc++";
				CLANG_ENABLE_MODULES = YES;
				CLANG_ENABLE_OBJC_ARC = YES;
				CLANG_ENABLE_OBJC_WEAK = YES;
				CLANG_WARN_BLOCK_CAPTURE_AUTORELEASING = YES;
				CLANG_WARN_BOOL_CONVERSION = YES;
				CLANG_WARN_COMMA = YES;
				CLANG_WARN_CONSTANT_CONVERSION = YES;
				CLANG_WARN_DEPRECATED_OBJC_IMPLEMENTATIONS = YES;
				CLANG_WARN_DIRECT_OBJC_ISA_USAGE = YES_ERROR;
				CLANG_WARN_DOCUMENTATION_COMMENTS = YES;
				CLANG_WARN_EMPTY_BODY = YES;
				CLANG_WARN_ENUM_CONVERSION = YES;
				CLANG_WARN_INFINITE_RECURSION = YES;
				CLANG_WARN_INT_CONVERSION = YES;
				CLANG_WARN_NON_LITERAL_NULL_CONVERSION = YES;
				CLANG_WARN_OBJC_IMPLICIT_RETAIN_SELF = YES;
				CLANG_WARN_OBJC_LITERAL_CONVERSION = YES;
				CLANG_WARN_OBJC_ROOT_CLASS = YES_ERROR;
				CLANG_WARN_RANGE_LOOP_ANALYSIS = YES;
				CLANG_WARN_STRICT_PROTOTYPES = YES;
				CLANG_WARN_SUSPICIOUS_MOVE = YES;
				CLANG_WARN_UNGUARDED_AVAILABILITY = YES_AGGRESSIVE;
				CLANG_WARN_UNREACHABLE_CODE = YES;
				CLANG_WARN__DUPLICATE_METHOD_MATCH = YES;
				COPY_PHASE_STRIP = NO;
				DEBUG_INFORMATION_FORMAT = "dwarf-with-dsym";
				ENABLE_NS_ASSERTIONS = NO;
				ENABLE_STRICT_OBJC_MSGSEND = YES;
				GCC_C_LANGUAGE_STANDARD = gnu11;
				GCC_NO_COMMON_BLOCKS = YES;
				GCC_WARN_64_TO_32_BIT_CONVERSION = YES;
				GCC_WARN_ABOUT_RETURN_TYPE = YES_ERROR;
				GCC_WARN_UNDECLARED_SELECTOR = YES;
				GCC_WARN_UNINITIALIZED_AUTOS = YES_AGGRESSIVE;
				GCC_WARN_UNUSED_FUNCTION = YES;
				GCC_WARN_UNUSED_VARIABLE = YES;
				IPHONEOS_DEPLOYMENT_TARGET = 13.6;
				MTL_ENABLE_DEBUG_INFO = NO;
				MTL_FAST_MATH = YES;
				SDKROOT = iphoneos;
				SWIFT_COMPILATION_MODE = wholemodule;
				SWIFT_OPTIMIZATION_LEVEL = "-O";
				VALIDATE_PRODUCT = YES;
			};
			name = Release;
		};
		39ABB87D2524AB7B00E9968B /* Debug */ = {
			isa = XCBuildConfiguration;
			buildSettings = {
				ASSETCATALOG_COMPILER_APPICON_NAME = AppIcon;
				CODE_SIGN_STYLE = Automatic;
				DEVELOPMENT_TEAM = 8CF5UBGL4X;
				INFOPLIST_FILE = MyMemo/Info.plist;
				LD_RUNPATH_SEARCH_PATHS = (
					"$(inherited)",
					"@executable_path/Frameworks",
				);
				PRODUCT_BUNDLE_IDENTIFIER = jp.hotmail.oseans.MyMemo;
				PRODUCT_NAME = "$(TARGET_NAME)";
				SWIFT_VERSION = 5.0;
				TARGETED_DEVICE_FAMILY = "1,2";
			};
			name = Debug;
		};
		39ABB87E2524AB7B00E9968B /* Release */ = {
			isa = XCBuildConfiguration;
			buildSettings = {
				ASSETCATALOG_COMPILER_APPICON_NAME = AppIcon;
				CODE_SIGN_STYLE = Automatic;
				DEVELOPMENT_TEAM = 8CF5UBGL4X;
				INFOPLIST_FILE = MyMemo/Info.plist;
				LD_RUNPATH_SEARCH_PATHS = (
					"$(inherited)",
					"@executable_path/Frameworks",
				);
				PRODUCT_BUNDLE_IDENTIFIER = jp.hotmail.oseans.MyMemo;
				PRODUCT_NAME = "$(TARGET_NAME)";
				SWIFT_VERSION = 5.0;
				TARGETED_DEVICE_FAMILY = "1,2";
			};
			name = Release;
		};
/* End XCBuildConfiguration section */

/* Begin XCConfigurationList section */
		39ABB8632524AB7000E9968B /* Build configuration list for PBXProject "MyMemo" */ = {
			isa = XCConfigurationList;
			buildConfigurations = (
				39ABB87A2524AB7B00E9968B /* Debug */,
				39ABB87B2524AB7B00E9968B /* Release */,
			);
			defaultConfigurationIsVisible = 0;
			defaultConfigurationName = Release;
		};
		39ABB87C2524AB7B00E9968B /* Build configuration list for PBXNativeTarget "MyMemo" */ = {
			isa = XCConfigurationList;
			buildConfigurations = (
				39ABB87D2524AB7B00E9968B /* Debug */,
				39ABB87E2524AB7B00E9968B /* Release */,
			);
			defaultConfigurationIsVisible = 0;
			defaultConfigurationName = Release;
		};
/* End XCConfigurationList section */
	};
	rootObject = 39ABB8602524AB7000E9968B /* Project object */;
}
